
Microsoft Visual Studio Solution File, Format Version 12.00
# Visual Studio Version 17
VisualStudioVersion = 17.14.36705.20
MinimumVisualStudioVersion = 10.0.40219.1
Project("{FAE04EC0-301F-11D3-BF4B-00C04F79EFBC}") = "Jordium.XUnit", "Jordium.Snowflake.NET.Test\Jordium.XUnit.csproj", "{B0996558-09E1-A4F3-EBF6-E5B1B6DCDF1B}"
EndProject
Project("{FAE04EC0-301F-11D3-BF4B-00C04F79EFBC}") = "Jordium.Snowflake.NET.Console", "Jordium.Snowflake.NET.Console\Jordium.Snowflake.NET.Console.csproj", "{33C51BAF-C058-0149-9A87-B189F759DBC8}"
EndProject
Project("{FAE04EC0-301F-11D3-BF4B-00C04F79EFBC}") = "Jordium.Snowflake.NET", "Jordium.Snowflake.NET\Jordium.Snowflake.NET.csproj", "{F4264AE5-424A-D0AC-31DA-CC279BB9579E}"
EndProject
Project("{FAE04EC0-301F-11D3-BF4B-00C04F79EFBC}") = "Jordium.Snowflake.NET.Web", "Jordium.Snowflake.NET.Web\Jordium.Snowflake.NET.Web.csproj", "{202D2C81-EA3F-F16F-B9AC-FFE444A33676}"
EndProject
Global
	GlobalSection(SolutionConfigurationPlatforms) = preSolution
		Debug|Any CPU = Debug|Any CPU
		Release|Any CPU = Release|Any CPU
	EndGlobalSection
	GlobalSection(ProjectConfigurationPlatforms) = postSolution
		{B0996558-09E1-A4F3-EBF6-E5B1B6DCDF1B}.Debug|Any CPU.ActiveCfg = Debug|Any CPU
		{B0996558-09E1-A4F3-EBF6-E5B1B6DCDF1B}.Debug|Any CPU.Build.0 = Debug|Any CPU
		{B0996558-09E1-A4F3-EBF6-E5B1B6DCDF1B}.Release|Any CPU.ActiveCfg = Release|Any CPU
		{B0996558-09E1-A4F3-EBF6-E5B1B6DCDF1B}.Release|Any CPU.Build.0 = Release|Any CPU
		{33C51BAF-C058-0149-9A87-B189F759DBC8}.Debug|Any CPU.ActiveCfg = Debug|Any CPU
		{33C51BAF-C058-0149-9A87-B189F759DBC8}.Debug|Any CPU.Build.0 = Debug|Any CPU
		{33C51BAF-C058-0149-9A87-B189F759DBC8}.Release|Any CPU.ActiveCfg = Release|Any CPU
		{33C51BAF-C058-0149-9A87-B189F759DBC8}.Release|Any CPU.Build.0 = Release|Any CPU
		{F4264AE5-424A-D0AC-31DA-CC279BB9579E}.Debug|Any CPU.ActiveCfg = Debug|Any CPU
		{F4264AE5-424A-D0AC-31DA-CC279BB9579E}.Debug|Any CPU.Build.0 = Debug|Any CPU
		{F4264AE5-424A-D0AC-31DA-CC279BB9579E}.Release|Any CPU.ActiveCfg = Release|Any CPU
		{F4264AE5-424A-D0AC-31DA-CC279BB9579E}.Release|Any CPU.Build.0 = Release|Any CPU
		{202D2C81-EA3F-F16F-B9AC-FFE444A33676}.Debug|Any CPU.ActiveCfg = Debug|Any CPU
		{202D2C81-EA3F-F16F-B9AC-FFE444A33676}.Debug|Any CPU.Build.0 = Debug|Any CPU
		{202D2C81-EA3F-F16F-B9AC-FFE444A33676}.Release|Any CPU.ActiveCfg = Release|Any CPU
		{202D2C81-EA3F-F16F-B9AC-FFE444A33676}.Release|Any CPU.Build.0 = Release|Any CPU
	EndGlobalSection
	GlobalSection(SolutionProperties) = preSolution
		HideSolutionNode = FALSE
	EndGlobalSection
	GlobalSection(ExtensibilityGlobals) = postSolution
		SolutionGuid = {90E70708-F989-4745-B916-ECB35E189DE9}
	EndGlobalSection
EndGlobal
